
Microsoft Visual Studio Solution File, Format Version 12.00
# Visual Studio 15
VisualStudioVersion = 15.0.28307.136
MinimumVisualStudioVersion = 10.0.40219.1
Project("{FAE04EC0-301F-11D3-BF4B-00C04F79EFBC}") = "Elders.VSE-FormatDocumentOnSave", "Elders.VSE-FormatDocumentOnSave\Elders.VSE-FormatDocumentOnSave.csproj", "{3F4BBF49-B61A-4DD9-8057-EADBECE02EE6}"
EndProject
Global
	GlobalSection(SolutionConfigurationPlatforms) = preSolution
		Debug|Any CPU = Debug|Any CPU
		Release|Any CPU = Release|Any CPU
	EndGlobalSection
	GlobalSection(ProjectConfigurationPlatforms) = postSolution
		{3F4BBF49-B61A-4DD9-8057-EADBECE02EE6}.Debug|Any CPU.ActiveCfg = Debug|Any CPU
		{3F4BBF49-B61A-4DD9-8057-EADBECE02EE6}.Debug|Any CPU.Build.0 = Debug|Any CPU
		{3F4BBF49-B61A-4DD9-8057-EADBECE02EE6}.Release|Any CPU.ActiveCfg = Release|Any CPU
		{3F4BBF49-B61A-4DD9-8057-EADBECE02EE6}.Release|Any CPU.Build.0 = Release|Any CPU
	EndGlobalSection
	GlobalSection(SolutionProperties) = preSolution
		HideSolutionNode = FALSE
	EndGlobalSection
	GlobalSection(ExtensibilityGlobals) = postSolution
		SolutionGuid = {074EA013-1445-477D-9A32-A684CE0E3553}
	EndGlobalSection
EndGlobal
